Microsoft Visual Studio Solution File, Format Version 12.00
# Visual Studio 2012
Project("{FAE04EC0-301F-11D3-BF4B-00C04F79EFBC}") = "DodgeGodot4", "DodgeGodot4.csproj", "{B1BEFDC5-E89E-4D8F-9615-93018A5E62B9}"
EndProject
Global
	GlobalSection(SolutionConfigurationPlatforms) = preSolution
	Debug|Any CPU = Debug|Any CPU
	ExportDebug|Any CPU = ExportDebug|Any CPU
	ExportRelease|Any CPU = ExportRelease|Any CPU
	EndGlobalSection
	GlobalSection(ProjectConfigurationPlatforms) = postSolution
		{B1BEFDC5-E89E-4D8F-9615-93018A5E62B9}.Debug|Any CPU.ActiveCfg = Debug|Any CPU
		{B1BEFDC5-E89E-4D8F-9615-93018A5E62B9}.Debug|Any CPU.Build.0 = Debug|Any CPU
		{B1BEFDC5-E89E-4D8F-9615-93018A5E62B9}.ExportDebug|Any CPU.ActiveCfg = ExportDebug|Any CPU
		{B1BEFDC5-E89E-4D8F-9615-93018A5E62B9}.ExportDebug|Any CPU.Build.0 = ExportDebug|Any CPU
		{B1BEFDC5-E89E-4D8F-9615-93018A5E62B9}.ExportRelease|Any CPU.ActiveCfg = ExportRelease|Any CPU
		{B1BEFDC5-E89E-4D8F-9615-93018A5E62B9}.ExportRelease|Any CPU.Build.0 = ExportRelease|Any CPU
	EndGlobalSection
EndGlobal
